
Microsoft Visual Studio Solution File, Format Version 12.00
# Visual Studio Version 16
VisualStudioVersion = 16.0.31702.278
MinimumVisualStudioVersion = 10.0.40219.1
Project("{FAE04EC0-301F-11D3-BF4B-00C04F79EFBC}") = "CA211006_3", "CA211006_3\CA211006_3.csproj", "{69889AC3-82CE-4E2E-B348-8C543802ADA9}"
EndProject
Global
	GlobalSection(SolutionConfigurationPlatforms) = preSolution
		Debug|Any CPU = Debug|Any CPU
		Release|Any CPU = Release|Any CPU
	EndGlobalSection
	GlobalSection(ProjectConfigurationPlatforms) = postSolution
		{69889AC3-82CE-4E2E-B348-8C543802ADA9}.Debug|Any CPU.ActiveCfg = Debug|Any CPU
		{69889AC3-82CE-4E2E-B348-8C543802ADA9}.Debug|Any CPU.Build.0 = Debug|Any CPU
		{69889AC3-82CE-4E2E-B348-8C543802ADA9}.Release|Any CPU.ActiveCfg = Release|Any CPU
		{69889AC3-82CE-4E2E-B348-8C543802ADA9}.Release|Any CPU.Build.0 = Release|Any CPU
	EndGlobalSection
	GlobalSection(SolutionProperties) = preSolution
		HideSolutionNode = FALSE
	EndGlobalSection
	GlobalSection(ExtensibilityGlobals) = postSolution
		SolutionGuid = {54742B3B-1D2C-451F-9DA6-27D11CCB5702}
	EndGlobalSection
EndGlobal
